
Microsoft Visual Studio Solution File, Format Version 12.00
# Visual Studio Version 16
VisualStudioVersion = 16.0.31410.357
MinimumVisualStudioVersion = 10.0.40219.1
Project("{FAE04EC0-301F-11D3-BF4B-00C04F79EFBC}") = "morzeCode", "morzeCode.csproj", "{63FF8454-FA7C-4E47-80A1-B6A7E5DD4F66}"
EndProject
Project("{FAE04EC0-301F-11D3-BF4B-00C04F79EFBC}") = "morzeCodeTests", "..\morzeCodeTests\morzeCodeTests.csproj", "{03483359-BD59-40E1-BBB3-C7AC6C6A9F1E}"
EndProject
Global
	GlobalSection(SolutionConfigurationPlatforms) = preSolution
		Debug|Any CPU = Debug|Any CPU
		Release|Any CPU = Release|Any CPU
	EndGlobalSection
	GlobalSection(ProjectConfigurationPlatforms) = postSolution
		{63FF8454-FA7C-4E47-80A1-B6A7E5DD4F66}.Debug|Any CPU.ActiveCfg = Debug|Any CPU
		{63FF8454-FA7C-4E47-80A1-B6A7E5DD4F66}.Debug|Any CPU.Build.0 = Debug|Any CPU
		{63FF8454-FA7C-4E47-80A1-B6A7E5DD4F66}.Release|Any CPU.ActiveCfg = Release|Any CPU
		{63FF8454-FA7C-4E47-80A1-B6A7E5DD4F66}.Release|Any CPU.Build.0 = Release|Any CPU
		{03483359-BD59-40E1-BBB3-C7AC6C6A9F1E}.Debug|Any CPU.ActiveCfg = Debug|Any CPU
		{03483359-BD59-40E1-BBB3-C7AC6C6A9F1E}.Debug|Any CPU.Build.0 = Debug|Any CPU
		{03483359-BD59-40E1-BBB3-C7AC6C6A9F1E}.Release|Any CPU.ActiveCfg = Release|Any CPU
		{03483359-BD59-40E1-BBB3-C7AC6C6A9F1E}.Release|Any CPU.Build.0 = Release|Any CPU
	EndGlobalSection
	GlobalSection(SolutionProperties) = preSolution
		HideSolutionNode = FALSE
	EndGlobalSection
	GlobalSection(ExtensibilityGlobals) = postSolution
		SolutionGuid = {EB28D41E-E5F9-4887-BD5F-172D3B26E039}
	EndGlobalSection
EndGlobal
